// !$*UTF8*$!
{
	archiveVersion = 1;
	classes = {
	};
	objectVersion = 46;
	objects = {

/* Begin PBXBuildFile section */
		24CCA54E1F6FD9C000B68CC6 /* RNVolumeHandler.m in Sources */ = {isa = PBXBuildFile; fileRef = 24CCA54D1F6FD9C000B68CC6 /* RNVolumeHandler.m */; };
		24CCA54F1F6FD9C000B68CC6 /* RNVolumeHandler.h in CopyFiles */ = {isa = PBXBuildFile; fileRef = 24CCA54C1F6FD9C000B68CC6 /* RNVolumeHandler.h */; };
		24CCA5561F6FDA0C00B68CC6 /* RNVolumeManager.m in Sources */ = {isa = PBXBuildFile; fileRef = 24CCA5551F6FDA0C00B68CC6 /* RNVolumeManager.m */; };
/* End PBXBuildFile section */

/* Begin PBXCopyFilesBuildPhase section */
		24CCA5471F6FD9C000B68CC6 /* CopyFiles */ = {
			isa = PBXCopyFilesBuildPhase;
			buildActionMask = 2147483647;
			dstPath = "include/$(PRODUCT_NAME)";
			dstSubfolderSpec = 16;
			files = (
				24CCA54F1F6FD9C000B68CC6 /* RNVolumeHandler.h in CopyFiles */,
			);
			runOnlyForDeploymentPostprocessing = 0;
		};
/* End PBXCopyFilesBuildPhase section */

/* Begin PBXFileReference section */
		24CCA5491F6FD9C000B68CC6 /* libRNVolumeHandler.a */ = {isa = PBXFileReference; explicitFileType = archive.ar; includeInIndex = 0; path = libRNVolumeHandler.a; sourceTree = BUILT_PRODUCTS_DIR; };
		24CCA54C1F6FD9C000B68CC6 /* RNVolumeHandler.h */ = {isa = PBXFileReference; lastKnownFileType = sourcecode.c.h; path = RNVolumeHandler.h; sourceTree = "<group>"; };
		24CCA54D1F6FD9C000B68CC6 /* RNVolumeHandler.m */ = {isa = PBXFileReference; lastKnownFileType = sourcecode.c.objc; path = RNVolumeHandler.m; sourceTree = "<group>"; };
		24CCA5551F6FDA0C00B68CC6 /* RNVolumeManager.m */ = {isa = PBXFileReference; fileEncoding = 4; lastKnownFileType = sourcecode.c.objc; path = RNVolumeManager.m; sourceTree = "<group>"; };
		24CCA5571F6FDA1700B68CC6 /* RNVolumeManager.h */ = {isa = PBXFileReference; lastKnownFileType = sourcecode.c.h; path = RNVolumeManager.h; sourceTree = "<group>"; };
/* End PBXFileReference section */

/* Begin PBXFrameworksBuildPhase section */
		24CCA5461F6FD9C000B68CC6 /* Frameworks */ = {
			isa = PBXFrameworksBuildPhase;
			buildActionMask = 2147483647;
			files = (
			);
			runOnlyForDeploymentPostprocessing = 0;
		};
/* End PBXFrameworksBuildPhase section */

/* Begin PBXGroup section */
		24CCA5401F6FD9C000B68CC6 = {
			isa = PBXGroup;
			children = (
				24CCA54B1F6FD9C000B68CC6 /* RNVolumeHandler */,
				24CCA54A1F6FD9C000B68CC6 /* Products */,
			);
			sourceTree = "<group>";
		};
		24CCA54A1F6FD9C000B68CC6 /* Products */ = {
			isa = PBXGroup;
			children = (
				24CCA5491F6FD9C000B68CC6 /* libRNVolumeHandler.a */,
			);
			name = Products;
			sourceTree = "<group>";
		};
		24CCA54B1F6FD9C000B68CC6 /* RNVolumeHandler */ = {
			isa = PBXGroup;
			children = (
				24CCA54C1F6FD9C000B68CC6 /* RNVolumeHandler.h */,
				24CCA54D1F6FD9C000B68CC6 /* RNVolumeHandler.m */,
				24CCA5551F6FDA0C00B68CC6 /* RNVolumeManager.m */,
				24CCA5571F6FDA1700B68CC6 /* RNVolumeManager.h */,
			);
			path = RNVolumeHandler;
			sourceTree = "<group>";
		};
/* End PBXGroup section */

/* Begin PBXNativeTarget section */
		24CCA5481F6FD9C000B68CC6 /* RNVolumeHandler */ = {
			isa = PBXNativeTarget;
			buildConfigurationList = 24CCA5521F6FD9C000B68CC6 /* Build configuration list for PBXNativeTarget "RNVolumeHandler" */;
			buildPhases = (
				24CCA5451F6FD9C000B68CC6 /* Sources */,
				24CCA5461F6FD9C000B68CC6 /* Frameworks */,
				24CCA5471F6FD9C000B68CC6 /* CopyFiles */,
			);
			buildRules = (
			);
			dependencies = (
			);
			name = RNVolumeHandler;
			productName = RNVolumeHandler;
			productReference = 24CCA5491F6FD9C000B68CC6 /* libRNVolumeHandler.a */;
			productType = "com.apple.product-type.library.static";
		};
/* End PBXNativeTarget section */

/* Begin PBXProject section */
		24CCA5411F6FD9C000B68CC6 /* Project object */ = {
			isa = PBXProject;
			attributes = {
				LastUpgradeCheck = 0830;
				ORGANIZATIONNAME = "Gevorg Gasparyan";
				TargetAttributes = {
					24CCA5481F6FD9C000B68CC6 = {
						CreatedOnToolsVersion = 8.3.3;
						DevelopmentTeam = 7YZSL2D9J9;
						ProvisioningStyle = Automatic;
					};
				};
			};
			buildConfigurationList = 24CCA5441F6FD9C000B68CC6 /* Build configuration list for PBXProject "RNVolumeHandler" */;
			compatibilityVersion = "Xcode 3.2";
			developmentRegion = English;
			hasScannedForEncodings = 0;
			knownRegions = (
				en,
			);
			mainGroup = 24CCA5401F6FD9C000B68CC6;
			productRefGroup = 24CCA54A1F6FD9C000B68CC6 /* Products */;
			projectDirPath = "";
			projectRoot = "";
			targets = (
				24CCA5481F6FD9C000B68CC6 /* RNVolumeHandler */,
			);
		};
/* End PBXProject section */

/* Begin PBXSourcesBuildPhase section */
		24CCA5451F6FD9C000B68CC6 /* Sources */ = {
			isa = PBXSourcesBuildPhase;
			buildActionMask = 2147483647;
			files = (
				24CCA54E1F6FD9C000B68CC6 /* RNVolumeHandler.m in Sources */,
				24CCA5561F6FDA0C00B68CC6 /* RNVolumeManager.m in Sources */,
			);
			runOnlyForDeploymentPostprocessing = 0;
		};
/* End PBXSourcesBuildPhase section */

/* Begin XCBuildConfiguration section */
		24CCA5501F6FD9C000B68CC6 /* Debug */ = {
			isa = XCBuildConfiguration;
			buildSettings = {
				ALWAYS_SEARCH_USER_PATHS = NO;
				CLANG_ANALYZER_NONNULL = YES;
				CLANG_ANALYZER_NUMBER_OBJECT_CONVERSION = YES_AGGRESSIVE;
				CLANG_CXX_LANGUAGE_STANDARD = "gnu++0x";
				CLANG_CXX_LIBRARY = "libc++";
				CLANG_ENABLE_MODULES = YES;
				CLANG_ENABLE_OBJC_ARC = YES;
				CLANG_WARN_BOOL_CONVERSION = YES;
				CLANG_WARN_CONSTANT_CONVERSION = YES;
				CLANG_WARN_DIRECT_OBJC_ISA_USAGE = YES_ERROR;
				CLANG_WARN_DOCUMENTATION_COMMENTS = YES;
				CLANG_WARN_EMPTY_BODY = YES;
				CLANG_WARN_ENUM_CONVERSION = YES;
				CLANG_WARN_INFINITE_RECURSION = YES;
				CLANG_WARN_INT_CONVERSION = YES;
				CLANG_WARN_OBJC_ROOT_CLASS = YES_ERROR;
				CLANG_WARN_SUSPICIOUS_MOVE = YES;
				CLANG_WARN_UNREACHABLE_CODE = YES;
				CLANG_WARN__DUPLICATE_METHOD_MATCH = YES;
				"CODE_SIGN_IDENTITY[sdk=iphoneos*]" = "iPhone Developer";
				COPY_PHASE_STRIP = NO;
				DEBUG_INFORMATION_FORMAT = dwarf;
				ENABLE_STRICT_OBJC_MSGSEND = YES;
				ENABLE_TESTABILITY = YES;
				GCC_C_LANGUAGE_STANDARD = gnu99;
				GCC_DYNAMIC_NO_PIC = NO;
				GCC_NO_COMMON_BLOCKS = YES;
				GCC_OPTIMIZATION_LEVEL = 0;
				GCC_PREPROCESSOR_DEFINITIONS = (
					"DEBUG=1",
					"$(inherited)",
				);
				GCC_WARN_64_TO_32_BIT_CONVERSION = YES;
				GCC_WARN_ABOUT_RETURN_TYPE = YES_ERROR;
				GCC_WARN_UNDECLARED_SELECTOR = YES;
				GCC_WARN_UNINITIALIZED_AUTOS = YES_AGGRESSIVE;
				GCC_WARN_UNUSED_FUNCTION = YES;
				GCC_WARN_UNUSED_VARIABLE = YES;
				IPHONEOS_DEPLOYMENT_TARGET = 10.3;
				MTL_ENABLE_DEBUG_INFO = YES;
				ONLY_ACTIVE_ARCH = YES;
				SDKROOT = iphoneos;
			};
			name = Debug;
		};
		24CCA5511F6FD9C000B68CC6 /* Release */ = {
			isa = XCBuildConfiguration;
			buildSettings = {
				ALWAYS_SEARCH_USER_PATHS = NO;
				CLANG_ANALYZER_NONNULL = YES;
				CLANG_ANALYZER_NUMBER_OBJECT_CONVERSION = YES_AGGRESSIVE;
				CLANG_CXX_LANGUAGE_STANDARD = "gnu++0x";
				CLANG_CXX_LIBRARY = "libc++";
				CLANG_ENABLE_MODULES = YES;
				CLANG_ENABLE_OBJC_ARC = YES;
				CLANG_WARN_BOOL_CONVERSION = YES;
				CLANG_WARN_CONSTANT_CONVERSION = YES;
				CLANG_WARN_DIRECT_OBJC_ISA_USAGE = YES_ERROR;
				CLANG_WARN_DOCUMENTATION_COMMENTS = YES;
				CLANG_WARN_EMPTY_BODY = YES;
				CLANG_WARN_ENUM_CONVERSION = YES;
				CLANG_WARN_INFINITE_RECURSION = YES;
				CLANG_WARN_INT_CONVERSION = YES;
				CLANG_WARN_OBJC_ROOT_CLASS = YES_ERROR;
				CLANG_WARN_SUSPICIOUS_MOVE = YES;
				CLANG_WARN_UNREACHABLE_CODE = YES;
				CLANG_WARN__DUPLICATE_METHOD_MATCH = YES;
				"CODE_SIGN_IDENTITY[sdk=iphoneos*]" = "iPhone Developer";
				COPY_PHASE_STRIP = NO;
				DEBUG_INFORMATION_FORMAT = "dwarf-with-dsym";
				ENABLE_NS_ASSERTIONS = NO;
				ENABLE_STRICT_OBJC_MSGSEND = YES;
				GCC_C_LANGUAGE_STANDARD = gnu99;
				GCC_NO_COMMON_BLOCKS = YES;
				GCC_WARN_64_TO_32_BIT_CONVERSION = YES;
				GCC_WARN_ABOUT_RETURN_TYPE = YES_ERROR;
				GCC_WARN_UNDECLARED_SELECTOR = YES;
				GCC_WARN_UNINITIALIZED_AUTOS = YES_AGGRESSIVE;
				GCC_WARN_UNUSED_FUNCTION = YES;
				GCC_WARN_UNUSED_VARIABLE = YES;
				IPHONEOS_DEPLOYMENT_TARGET = 10.3;
				MTL_ENABLE_DEBUG_INFO = NO;
				SDKROOT = iphoneos;
				VALIDATE_PRODUCT = YES;
			};
			name = Release;
		};
		24CCA5531F6FD9C000B68CC6 /* Debug */ = {
			isa = XCBuildConfiguration;
			buildSettings = {
				DEVELOPMENT_TEAM = 7YZSL2D9J9;
				OTHER_LDFLAGS = "-ObjC";
				PRODUCT_NAME = "$(TARGET_NAME)";
				SKIP_INSTALL = YES;
			};
			name = Debug;
		};
		24CCA5541F6FD9C000B68CC6 /* Release */ = {
			isa = XCBuildConfiguration;
			buildSettings = {
				DEVELOPMENT_TEAM = 7YZSL2D9J9;
				OTHER_LDFLAGS = "-ObjC";
				PRODUCT_NAME = "$(TARGET_NAME)";
				SKIP_INSTALL = YES;
			};
			name = Release;
		};
/* End XCBuildConfiguration section */

/* Begin XCConfigurationList section */
		24CCA5441F6FD9C000B68CC6 /* Build configuration list for PBXProject "RNVolumeHandler" */ = {
			isa = XCConfigurationList;
			buildConfigurations = (
				24CCA5501F6FD9C000B68CC6 /* Debug */,
				24CCA5511F6FD9C000B68CC6 /* Release */,
			);
			defaultConfigurationIsVisible = 0;
			defaultConfigurationName = Release;
		};
		24CCA5521F6FD9C000B68CC6 /* Build configuration list for PBXNativeTarget "RNVolumeHandler" */ = {
			isa = XCConfigurationList;
			buildConfigurations = (
				24CCA5531F6FD9C000B68CC6 /* Debug */,
				24CCA5541F6FD9C000B68CC6 /* Release */,
			);
			defaultConfigurationIsVisible = 0;
			defaultConfigurationName = Release;
		};
/* End XCConfigurationList section */
	};
	rootObject = 24CCA5411F6FD9C000B68CC6 /* Project object */;
}
